// !$*UTF8*$!
{
	archiveVersion = 1;
	classes = {
	};
	objectVersion = 77;
	objects = {

/* Begin PBXContainerItemProxy section */
		652DA9362DD38C30009B5A53 /* PBXContainerItemProxy */ = {
			isa = PBXContainerItemProxy;
			containerPortal = 652DA91E2DD38C2D009B5A53 /* Project object */;
			proxyType = 1;
			remoteGlobalIDString = 652DA9252DD38C2D009B5A53;
			remoteInfo = PictureFrameCompanion;
		};
		652DA9402DD38C30009B5A53 /* PBXContainerItemProxy */ = {
			isa = PBXContainerItemProxy;
			containerPortal = 652DA91E2DD38C2D009B5A53 /* Project object */;
			proxyType = 1;
			remoteGlobalIDString = 652DA9252DD38C2D009B5A53;
			remoteInfo = PictureFrameCompanion;
		};
/* End PBXContainerItemProxy section */

/* Begin PBXFileReference section */
		652DA9262DD38C2D009B5A53 /* PictureFrameCompanion.app */ = {isa = PBXFileReference; explicitFileType = wrapper.application; includeInIndex = 0; path = PictureFrameCompanion.app; sourceTree = BUILT_PRODUCTS_DIR; };
		652DA9352DD38C30009B5A53 /* PictureFrameCompanionTests.xctest */ = {isa = PBXFileReference; explicitFileType = wrapper.cfbundle; includeInIndex = 0; path = PictureFrameCompanionTests.xctest; sourceTree = BUILT_PRODUCTS_DIR; };
		652DA93F2DD38C30009B5A53 /* PictureFrameCompanionUITests.xctest */ = {isa = PBXFileReference; explicitFileType = wrapper.cfbundle; includeInIndex = 0; path = PictureFrameCompanionUITests.xctest; sourceTree = BUILT_PRODUCTS_DIR; };
/* End PBXFileReference section */

/* Begin PBXFileSystemSynchronizedRootGroup section */
		652DA9282DD38C2D009B5A53 /* PictureFrameCompanion */ = {
			isa = PBXFileSystemSynchronizedRootGroup;
			path = PictureFrameCompanion;
			sourceTree = "<group>";
		};
		652DA9382DD38C30009B5A53 /* PictureFrameCompanionTests */ = {
			isa = PBXFileSystemSynchronizedRootGroup;
			path = PictureFrameCompanionTests;
			sourceTree = "<group>";
		};
		652DA9422DD38C30009B5A53 /* PictureFrameCompanionUITests */ = {
			isa = PBXFileSystemSynchronizedRootGroup;
			path = PictureFrameCompanionUITests;
			sourceTree = "<group>";
		};
/* End PBXFileSystemSynchronizedRootGroup section */

/* Begin PBXFrameworksBuildPhase section */
		652DA9232DD38C2D009B5A53 /* Frameworks */ = {
			isa = PBXFrameworksBuildPhase;
			buildActionMask = 2147483647;
			files = (
			);
			runOnlyForDeploymentPostprocessing = 0;
		};
		652DA9322DD38C30009B5A53 /* Frameworks */ = {
			isa = PBXFrameworksBuildPhase;
			buildActionMask = 2147483647;
			files = (
			);
			runOnlyForDeploymentPostprocessing = 0;
		};
		652DA93C2DD38C30009B5A53 /* Frameworks */ = {
			isa = PBXFrameworksBuildPhase;
			buildActionMask = 2147483647;
			files = (
			);
			runOnlyForDeploymentPostprocessing = 0;
		};
/* End PBXFrameworksBuildPhase section */

/* Begin PBXGroup section */
		652DA91D2DD38C2D009B5A53 = {
			isa = PBXGroup;
			children = (
				652DA9282DD38C2D009B5A53 /* PictureFrameCompanion */,
				652DA9382DD38C30009B5A53 /* PictureFrameCompanionTests */,
				652DA9422DD38C30009B5A53 /* PictureFrameCompanionUITests */,
				652DA9272DD38C2D009B5A53 /* Products */,
			);
			sourceTree = "<group>";
		};
		652DA9272DD38C2D009B5A53 /* Products */ = {
			isa = PBXGroup;
			children = (
				652DA9262DD38C2D009B5A53 /* PictureFrameCompanion.app */,
				652DA9352DD38C30009B5A53 /* PictureFrameCompanionTests.xctest */,
				652DA93F2DD38C30009B5A53 /* PictureFrameCompanionUITests.xctest */,
			);
			name = Products;
			sourceTree = "<group>";
		};
/* End PBXGroup section */

/* Begin PBXNativeTarget section */
		652DA9252DD38C2D009B5A53 /* PictureFrameCompanion */ = {
			isa = PBXNativeTarget;
			buildConfigurationList = 652DA9492DD38C30009B5A53 /* Build configuration list for PBXNativeTarget "PictureFrameCompanion" */;
			buildPhases = (
				652DA9222DD38C2D009B5A53 /* Sources */,
				652DA9232DD38C2D009B5A53 /* Frameworks */,
				652DA9242DD38C2D009B5A53 /* Resources */,
			);
			buildRules = (
			);
			dependencies = (
			);
			fileSystemSynchronizedGroups = (
				652DA9282DD38C2D009B5A53 /* PictureFrameCompanion */,
			);
			name = PictureFrameCompanion;
			packageProductDependencies = (
			);
			productName = PictureFrameCompanion;
			productReference = 652DA9262DD38C2D009B5A53 /* PictureFrameCompanion.app */;
			productType = "com.apple.product-type.application";
		};
		652DA9342DD38C30009B5A53 /* PictureFrameCompanionTests */ = {
			isa = PBXNativeTarget;
			buildConfigurationList = 652DA94C2DD38C30009B5A53 /* Build configuration list for PBXNativeTarget "PictureFrameCompanionTests" */;
			buildPhases = (
				652DA9312DD38C30009B5A53 /* Sources */,
				652DA9322DD38C30009B5A53 /* Frameworks */,
				652DA9332DD38C30009B5A53 /* Resources */,
			);
			buildRules = (
			);
			dependencies = (
				652DA9372DD38C30009B5A53 /* PBXTargetDependency */,
			);
			fileSystemSynchronizedGroups = (
				652DA9382DD38C30009B5A53 /* PictureFrameCompanionTests */,
			);
			name = PictureFrameCompanionTests;
			packageProductDependencies = (
			);
			productName = PictureFrameCompanionTests;
			productReference = 652DA9352DD38C30009B5A53 /* PictureFrameCompanionTests.xctest */;
			productType = "com.apple.product-type.bundle.unit-test";
		};
		652DA93E2DD38C30009B5A53 /* PictureFrameCompanionUITests */ = {
			isa = PBXNativeTarget;
			buildConfigurationList = 652DA94F2DD38C30009B5A53 /* Build configuration list for PBXNativeTarget "PictureFrameCompanionUITests" */;
			buildPhases = (
				652DA93B2DD38C30009B5A53 /* Sources */,
				652DA93C2DD38C30009B5A53 /* Frameworks */,
				652DA93D2DD38C30009B5A53 /* Resources */,
			);
			buildRules = (
			);
			dependencies = (
				652DA9412DD38C30009B5A53 /* PBXTargetDependency */,
			);
			fileSystemSynchronizedGroups = (
				652DA9422DD38C30009B5A53 /* PictureFrameCompanionUITests */,
			);
			name = PictureFrameCompanionUITests;
			packageProductDependencies = (
			);
			productName = PictureFrameCompanionUITests;
			productReference = 652DA93F2DD38C30009B5A53 /* PictureFrameCompanionUITests.xctest */;
			productType = "com.apple.product-type.bundle.ui-testing";
		};
/* End PBXNativeTarget section */

/* Begin PBXProject section */
		652DA91E2DD38C2D009B5A53 /* Project object */ = {
			isa = PBXProject;
			attributes = {
				BuildIndependentTargetsInParallel = 1;
				LastSwiftUpdateCheck = 1630;
				LastUpgradeCheck = 1630;
				TargetAttributes = {
					652DA9252DD38C2D009B5A53 = {
						CreatedOnToolsVersion = 16.3;
					};
					652DA9342DD38C30009B5A53 = {
						CreatedOnToolsVersion = 16.3;
						TestTargetID = 652DA9252DD38C2D009B5A53;
					};
					652DA93E2DD38C30009B5A53 = {
						CreatedOnToolsVersion = 16.3;
						TestTargetID = 652DA9252DD38C2D009B5A53;
					};
				};
			};
			buildConfigurationList = 652DA9212DD38C2D009B5A53 /* Build configuration list for PBXProject "PictureFrameCompanion" */;
			developmentRegion = en;
			hasScannedForEncodings = 0;
			knownRegions = (
				en,
				Base,
			);
			mainGroup = 652DA91D2DD38C2D009B5A53;
			minimizedProjectReferenceProxies = 1;
			preferredProjectObjectVersion = 77;
			productRefGroup = 652DA9272DD38C2D009B5A53 /* Products */;
			projectDirPath = "";
			projectRoot = "";
			targets = (
				652DA9252DD38C2D009B5A53 /* PictureFrameCompanion */,
				652DA9342DD38C30009B5A53 /* PictureFrameCompanionTests */,
				652DA93E2DD38C30009B5A53 /* PictureFrameCompanionUITests */,
			);
		};
/* End PBXProject section */

/* Begin PBXResourcesBuildPhase section */
		652DA9242DD38C2D009B5A53 /* Resources */ = {
			isa = PBXResourcesBuildPhase;
			buildActionMask = 2147483647;
			files = (
			);
			runOnlyForDeploymentPostprocessing = 0;
		};
		652DA9332DD38C30009B5A53 /* Resources */ = {
			isa = PBXResourcesBuildPhase;
			buildActionMask = 2147483647;
			files = (
			);
			runOnlyForDeploymentPostprocessing = 0;
		};
		652DA93D2DD38C30009B5A53 /* Resources */ = {
			isa = PBXResourcesBuildPhase;
			buildActionMask = 2147483647;
			files = (
			);
			runOnlyForDeploymentPostprocessing = 0;
		};
/* End PBXResourcesBuildPhase section */

/* Begin PBXSourcesBuildPhase section */
		652DA9222DD38C2D009B5A53 /* Sources */ = {
			isa = PBXSourcesBuildPhase;
			buildActionMask = 2147483647;
			files = (
			);
			runOnlyForDeploymentPostprocessing = 0;
		};
		652DA9312DD38C30009B5A53 /* Sources */ = {
			isa = PBXSourcesBuildPhase;
			buildActionMask = 2147483647;
			files = (
			);
			runOnlyForDeploymentPostprocessing = 0;
		};
		652DA93B2DD38C30009B5A53 /* Sources */ = {
			isa = PBXSourcesBuildPhase;
			buildActionMask = 2147483647;
			files = (
			);
			runOnlyForDeploymentPostprocessing = 0;
		};
/* End PBXSourcesBuildPhase section */

/* Begin PBXTargetDependency section */
		652DA9372DD38C30009B5A53 /* PBXTargetDependency */ = {
			isa = PBXTargetDependency;
			target = 652DA9252DD38C2D009B5A53 /* PictureFrameCompanion */;
			targetProxy = 652DA9362DD38C30009B5A53 /* PBXContainerItemProxy */;
		};
		652DA9412DD38C30009B5A53 /* PBXTargetDependency */ = {
			isa = PBXTargetDependency;
			target = 652DA9252DD38C2D009B5A53 /* PictureFrameCompanion */;
			targetProxy = 652DA9402DD38C30009B5A53 /* PBXContainerItemProxy */;
		};
/* End PBXTargetDependency section */

/* Begin XCBuildConfiguration section */
		652DA9472DD38C30009B5A53 /* Debug */ = {
			isa = XCBuildConfiguration;
			buildSettings = {
				ALWAYS_SEARCH_USER_PATHS = NO;
				ASSETCATALOG_COMPILER_GENERATE_SWIFT_ASSET_SYMBOL_EXTENSIONS = YES;
				CLANG_ANALYZER_NONNULL = YES;
				CLANG_ANALYZER_NUMBER_OBJECT_CONVERSION = YES_AGGRESSIVE;
				CLANG_CXX_LANGUAGE_STANDARD = "gnu++20";
				CLANG_ENABLE_MODULES = YES;
				CLANG_ENABLE_OBJC_ARC = YES;
				CLANG_ENABLE_OBJC_WEAK = YES;
				CLANG_WARN_BLOCK_CAPTURE_AUTORELEASING = YES;
				CLANG_WARN_BOOL_CONVERSION = YES;
				CLANG_WARN_COMMA = YES;
				CLANG_WARN_CONSTANT_CONVERSION = YES;
				CLANG_WARN_DEPRECATED_OBJC_IMPLEMENTATIONS = YES;
				CLANG_WARN_DIRECT_OBJC_ISA_USAGE = YES_ERROR;
				CLANG_WARN_DOCUMENTATION_COMMENTS = YES;
				CLANG_WARN_EMPTY_BODY = YES;
				CLANG_WARN_ENUM_CONVERSION = YES;
				CLANG_WARN_INFINITE_RECURSION = YES;
				CLANG_WARN_INT_CONVERSION = YES;
				CLANG_WARN_NON_LITERAL_NULL_CONVERSION = YES;
				CLANG_WARN_OBJC_IMPLICIT_RETAIN_SELF = YES;
				CLANG_WARN_OBJC_LITERAL_CONVERSION = YES;
				CLANG_WARN_OBJC_ROOT_CLASS = YES_ERROR;
				CLANG_WARN_QUOTED_INCLUDE_IN_FRAMEWORK_HEADER = YES;
				CLANG_WARN_RANGE_LOOP_ANALYSIS = YES;
				CLANG_WARN_STRICT_PROTOTYPES = YES;
				CLANG_WARN_SUSPICIOUS_MOVE = YES;
				CLANG_WARN_UNGUARDED_AVAILABILITY = YES_AGGRESSIVE;
				CLANG_WARN_UNREACHABLE_CODE = YES;
				CLANG_WARN__DUPLICATE_METHOD_MATCH = YES;
				COPY_PHASE_STRIP = NO;
				DEBUG_INFORMATION_FORMAT = dwarf;
				DEVELOPMENT_TEAM = GT2BT775H4;
				ENABLE_STRICT_OBJC_MSGSEND = YES;
				ENABLE_TESTABILITY = YES;
				ENABLE_USER_SCRIPT_SANDBOXING = YES;
				GCC_C_LANGUAGE_STANDARD = gnu17;
				GCC_DYNAMIC_NO_PIC = NO;
				GCC_NO_COMMON_BLOCKS = YES;
				GCC_OPTIMIZATION_LEVEL = 0;
				GCC_PREPROCESSOR_DEFINITIONS = (
					"DEBUG=1",
					"$(inherited)",
				);
				GCC_WARN_64_TO_32_BIT_CONVERSION = YES;
				GCC_WARN_ABOUT_RETURN_TYPE = YES_ERROR;
				GCC_WARN_UNDECLARED_SELECTOR = YES;
				GCC_WARN_UNINITIALIZED_AUTOS = YES_AGGRESSIVE;
				GCC_WARN_UNUSED_FUNCTION = YES;
				GCC_WARN_UNUSED_VARIABLE = YES;
				IPHONEOS_DEPLOYMENT_TARGET = 18.4;
				LOCALIZATION_PREFERS_STRING_CATALOGS = YES;
				MTL_ENABLE_DEBUG_INFO = INCLUDE_SOURCE;
				MTL_FAST_MATH = YES;
				ONLY_ACTIVE_ARCH = YES;
				SDKROOT = iphoneos;
				SWIFT_ACTIVE_COMPILATION_CONDITIONS = "DEBUG $(inherited)";
				SWIFT_OPTIMIZATION_LEVEL = "-Onone";
			};
			name = Debug;
		};
		652DA9482DD38C30009B5A53 /* Release */ = {
			isa = XCBuildConfiguration;
			buildSettings = {
				ALWAYS_SEARCH_USER_PATHS = NO;
				ASSETCATALOG_COMPILER_GENERATE_SWIFT_ASSET_SYMBOL_EXTENSIONS = YES;
				CLANG_ANALYZER_NONNULL = YES;
				CLANG_ANALYZER_NUMBER_OBJECT_CONVERSION = YES_AGGRESSIVE;
				CLANG_CXX_LANGUAGE_STANDARD = "gnu++20";
				CLANG_ENABLE_MODULES = YES;
				CLANG_ENABLE_OBJC_ARC = YES;
				CLANG_ENABLE_OBJC_WEAK = YES;
				CLANG_WARN_BLOCK_CAPTURE_AUTORELEASING = YES;
				CLANG_WARN_BOOL_CONVERSION = YES;
				CLANG_WARN_COMMA = YES;
				CLANG_WARN_CONSTANT_CONVERSION = YES;
				CLANG_WARN_DEPRECATED_OBJC_IMPLEMENTATIONS = YES;
				CLANG_WARN_DIRECT_OBJC_ISA_USAGE = YES_ERROR;
				CLANG_WARN_DOCUMENTATION_COMMENTS = YES;
				CLANG_WARN_EMPTY_BODY = YES;
				CLANG_WARN_ENUM_CONVERSION = YES;
				CLANG_WARN_INFINITE_RECURSION = YES;
				CLANG_WARN_INT_CONVERSION = YES;
				CLANG_WARN_NON_LITERAL_NULL_CONVERSION = YES;
				CLANG_WARN_OBJC_IMPLICIT_RETAIN_SELF = YES;
				CLANG_WARN_OBJC_LITERAL_CONVERSION = YES;
				CLANG_WARN_OBJC_ROOT_CLASS = YES_ERROR;
				CLANG_WARN_QUOTED_INCLUDE_IN_FRAMEWORK_HEADER = YES;
				CLANG_WARN_RANGE_LOOP_ANALYSIS = YES;
				CLANG_WARN_STRICT_PROTOTYPES = YES;
				CLANG_WARN_SUSPICIOUS_MOVE = YES;
				CLANG_WARN_UNGUARDED_AVAILABILITY = YES_AGGRESSIVE;
				CLANG_WARN_UNREACHABLE_CODE = YES;
				CLANG_WARN__DUPLICATE_METHOD_MATCH = YES;
				COPY_PHASE_STRIP = NO;
				DEBUG_INFORMATION_FORMAT = "dwarf-with-dsym";
				DEVELOPMENT_TEAM = GT2BT775H4;
				ENABLE_NS_ASSERTIONS = NO;
				ENABLE_STRICT_OBJC_MSGSEND = YES;
				ENABLE_USER_SCRIPT_SANDBOXING = YES;
				GCC_C_LANGUAGE_STANDARD = gnu17;
				GCC_NO_COMMON_BLOCKS = YES;
				GCC_WARN_64_TO_32_BIT_CONVERSION = YES;
				GCC_WARN_ABOUT_RETURN_TYPE = YES_ERROR;
				GCC_WARN_UNDECLARED_SELECTOR = YES;
				GCC_WARN_UNINITIALIZED_AUTOS = YES_AGGRESSIVE;
				GCC_WARN_UNUSED_FUNCTION = YES;
				GCC_WARN_UNUSED_VARIABLE = YES;
				IPHONEOS_DEPLOYMENT_TARGET = 18.4;
				LOCALIZATION_PREFERS_STRING_CATALOGS = YES;
				MTL_ENABLE_DEBUG_INFO = NO;
				MTL_FAST_MATH = YES;
				SDKROOT = iphoneos;
				SWIFT_COMPILATION_MODE = wholemodule;
				VALIDATE_PRODUCT = YES;
			};
			name = Release;
		};
		652DA94A2DD38C30009B5A53 /* Debug */ = {
			isa = XCBuildConfiguration;
			buildSettings = {
				ASSETCATALOG_COMPILER_APPICON_NAME = AppIcon;
				ASSETCATALOG_COMPILER_GLOBAL_ACCENT_COLOR_NAME = AccentColor;
				CODE_SIGN_STYLE = Automatic;
				CURRENT_PROJECT_VERSION = 1;
				DEVELOPMENT_TEAM = GT2BT775H4;
				ENABLE_PREVIEWS = YES;
				GENERATE_INFOPLIST_FILE = YES;
				INFOPLIST_KEY_NSPhotoLibraryUsageDescription = "Pick pictures to send to the photo frame.";
				INFOPLIST_KEY_UIApplicationSceneManifest_Generation = YES;
				INFOPLIST_KEY_UIApplicationSupportsIndirectInputEvents = YES;
				INFOPLIST_KEY_UILaunchScreen_Generation = YES;
				INFOPLIST_KEY_UISupportedInterfaceOrientations_iPad = "UIInterfaceOrientationPortrait UIInterfaceOrientationPortraitUpsideDown UIInterfaceOrientationLandscapeLeft UIInterfaceOrientationLandscapeRight";
				INFOPLIST_KEY_UISupportedInterfaceOrientations_iPhone = "UIInterfaceOrientationPortrait UIInterfaceOrientationLandscapeLeft UIInterfaceOrientationLandscapeRight";
				LD_RUNPATH_SEARCH_PATHS = (
					"$(inherited)",
					"@executable_path/Frameworks",
				);
				MARKETING_VERSION = 1.0;
				PRODUCT_BUNDLE_IDENTIFIER = com.adrior.PictureFrameCompanion;
				PRODUCT_NAME = "$(TARGET_NAME)";
				SWIFT_EMIT_LOC_STRINGS = YES;
				SWIFT_VERSION = 5.0;
				TARGETED_DEVICE_FAMILY = "1,2";
			};
			name = Debug;
		};
		652DA94B2DD38C30009B5A53 /* Release */ = {
			isa = XCBuildConfiguration;
			buildSettings = {
				ASSETCATALOG_COMPILER_APPICON_NAME = AppIcon;
				ASSETCATALOG_COMPILER_GLOBAL_ACCENT_COLOR_NAME = AccentColor;
				CODE_SIGN_STYLE = Automatic;
				CURRENT_PROJECT_VERSION = 1;
				DEVELOPMENT_TEAM = GT2BT775H4;
				ENABLE_PREVIEWS = YES;
				GENERATE_INFOPLIST_FILE = YES;
				INFOPLIST_KEY_NSPhotoLibraryUsageDescription = "Pick pictures to send to the photo frame.";
				INFOPLIST_KEY_UIApplicationSceneManifest_Generation = YES;
				INFOPLIST_KEY_UIApplicationSupportsIndirectInputEvents = YES;
				INFOPLIST_KEY_UILaunchScreen_Generation = YES;
				INFOPLIST_KEY_UISupportedInterfaceOrientations_iPad = "UIInterfaceOrientationPortrait UIInterfaceOrientationPortraitUpsideDown UIInterfaceOrientationLandscapeLeft UIInterfaceOrientationLandscapeRight";
				INFOPLIST_KEY_UISupportedInterfaceOrientations_iPhone = "UIInterfaceOrientationPortrait UIInterfaceOrientationLandscapeLeft UIInterfaceOrientationLandscapeRight";
				LD_RUNPATH_SEARCH_PATHS = (
					"$(inherited)",
					"@executable_path/Frameworks",
				);
				MARKETING_VERSION = 1.0;
				PRODUCT_BUNDLE_IDENTIFIER = com.adrior.PictureFrameCompanion;
				PRODUCT_NAME = "$(TARGET_NAME)";
				SWIFT_EMIT_LOC_STRINGS = YES;
				SWIFT_VERSION = 5.0;
				TARGETED_DEVICE_FAMILY = "1,2";
			};
			name = Release;
		};
		652DA94D2DD38C30009B5A53 /* Debug */ = {
			isa = XCBuildConfiguration;
			buildSettings = {
				BUNDLE_LOADER = "$(TEST_HOST)";
				CODE_SIGN_STYLE = Automatic;
				CURRENT_PROJECT_VERSION = 1;
				DEVELOPMENT_TEAM = GT2BT775H4;
				GENERATE_INFOPLIST_FILE = YES;
				IPHONEOS_DEPLOYMENT_TARGET = 18.4;
				MARKETING_VERSION = 1.0;
				PRODUCT_BUNDLE_IDENTIFIER = com.adrior.PictureFrameCompanionTests;
				PRODUCT_NAME = "$(TARGET_NAME)";
				SWIFT_EMIT_LOC_STRINGS = NO;
				SWIFT_VERSION = 5.0;
				TARGETED_DEVICE_FAMILY = "1,2";
				TEST_HOST = "$(BUILT_PRODUCTS_DIR)/PictureFrameCompanion.app/$(BUNDLE_EXECUTABLE_FOLDER_PATH)/PictureFrameCompanion";
			};
			name = Debug;
		};
		652DA94E2DD38C30009B5A53 /* Release */ = {
			isa = XCBuildConfiguration;
			buildSettings = {
				BUNDLE_LOADER = "$(TEST_HOST)";
				CODE_SIGN_STYLE = Automatic;
				CURRENT_PROJECT_VERSION = 1;
				DEVELOPMENT_TEAM = GT2BT775H4;
				GENERATE_INFOPLIST_FILE = YES;
				IPHONEOS_DEPLOYMENT_TARGET = 18.4;
				MARKETING_VERSION = 1.0;
				PRODUCT_BUNDLE_IDENTIFIER = com.adrior.PictureFrameCompanionTests;
				PRODUCT_NAME = "$(TARGET_NAME)";
				SWIFT_EMIT_LOC_STRINGS = NO;
				SWIFT_VERSION = 5.0;
				TARGETED_DEVICE_FAMILY = "1,2";
				TEST_HOST = "$(BUILT_PRODUCTS_DIR)/PictureFrameCompanion.app/$(BUNDLE_EXECUTABLE_FOLDER_PATH)/PictureFrameCompanion";
			};
			name = Release;
		};
		652DA9502DD38C30009B5A53 /* Debug */ = {
			isa = XCBuildConfiguration;
			buildSettings = {
				CODE_SIGN_STYLE = Automatic;
				CURRENT_PROJECT_VERSION = 1;
				DEVELOPMENT_TEAM = GT2BT775H4;
				GENERATE_INFOPLIST_FILE = YES;
				MARKETING_VERSION = 1.0;
				PRODUCT_BUNDLE_IDENTIFIER = com.adrior.PictureFrameCompanionUITests;
				PRODUCT_NAME = "$(TARGET_NAME)";
				SWIFT_EMIT_LOC_STRINGS = NO;
				SWIFT_VERSION = 5.0;
				TARGETED_DEVICE_FAMILY = "1,2";
				TEST_TARGET_NAME = PictureFrameCompanion;
			};
			name = Debug;
		};
		652DA9512DD38C30009B5A53 /* Release */ = {
			isa = XCBuildConfiguration;
			buildSettings = {
				CODE_SIGN_STYLE = Automatic;
				CURRENT_PROJECT_VERSION = 1;
				DEVELOPMENT_TEAM = GT2BT775H4;
				GENERATE_INFOPLIST_FILE = YES;
				MARKETING_VERSION = 1.0;
				PRODUCT_BUNDLE_IDENTIFIER = com.adrior.PictureFrameCompanionUITests;
				PRODUCT_NAME = "$(TARGET_NAME)";
				SWIFT_EMIT_LOC_STRINGS = NO;
				SWIFT_VERSION = 5.0;
				TARGETED_DEVICE_FAMILY = "1,2";
				TEST_TARGET_NAME = PictureFrameCompanion;
			};
			name = Release;
		};
/* End XCBuildConfiguration section */

/* Begin XCConfigurationList section */
		652DA9212DD38C2D009B5A53 /* Build configuration list for PBXProject "PictureFrameCompanion" */ = {
			isa = XCConfigurationList;
			buildConfigurations = (
				652DA9472DD38C30009B5A53 /* Debug */,
				652DA9482DD38C30009B5A53 /* Release */,
			);
			defaultConfigurationIsVisible = 0;
			defaultConfigurationName = Release;
		};
		652DA9492DD38C30009B5A53 /* Build configuration list for PBXNativeTarget "PictureFrameCompanion" */ = {
			isa = XCConfigurationList;
			buildConfigurations = (
				652DA94A2DD38C30009B5A53 /* Debug */,
				652DA94B2DD38C30009B5A53 /* Release */,
			);
			defaultConfigurationIsVisible = 0;
			defaultConfigurationName = Release;
		};
		652DA94C2DD38C30009B5A53 /* Build configuration list for PBXNativeTarget "PictureFrameCompanionTests" */ = {
			isa = XCConfigurationList;
			buildConfigurations = (
				652DA94D2DD38C30009B5A53 /* Debug */,
				652DA94E2DD38C30009B5A53 /* Release */,
			);
			defaultConfigurationIsVisible = 0;
			defaultConfigurationName = Release;
		};
		652DA94F2DD38C30009B5A53 /* Build configuration list for PBXNativeTarget "PictureFrameCompanionUITests" */ = {
			isa = XCConfigurationList;
			buildConfigurations = (
				652DA9502DD38C30009B5A53 /* Debug */,
				652DA9512DD38C30009B5A53 /* Release */,
			);
			defaultConfigurationIsVisible = 0;
			defaultConfigurationName = Release;
		};
/* End XCConfigurationList section */
	};
	rootObject = 652DA91E2DD38C2D009B5A53 /* Project object */;
}
